
Microsoft Visual Studio Solution File, Format Version 12.00
# Visual Studio Version 17
VisualStudioVersion = 17.5.002.0
MinimumVisualStudioVersion = 10.0.40219.1
Project("{2150E333-8FDC-42A3-9474-1A3956D46DE8}") = "Back-end", "Back-end", "{0D9D5E83-17A7-4A9C-B3D3-94C7AA05726F}"
EndProject
Project("{2150E333-8FDC-42A3-9474-1A3956D46DE8}") = "src", "src", "{AC3B5455-4BFD-4FEB-ADEC-D86301B680C0}"
EndProject
Project("{9A19103F-16F7-4668-BE54-9A1E7A4F7556}") = "ProEventos.API", "Back-end\src\ProEventos.API\ProEventos.API.csproj", "{00B2F7FA-36B2-4288-822A-488DE50D5836}"
EndProject
Global
	GlobalSection(SolutionConfigurationPlatforms) = preSolution
		Debug|Any CPU = Debug|Any CPU
		Release|Any CPU = Release|Any CPU
	EndGlobalSection
	GlobalSection(ProjectConfigurationPlatforms) = postSolution
		{00B2F7FA-36B2-4288-822A-488DE50D5836}.Debug|Any CPU.ActiveCfg = Debug|Any CPU
		{00B2F7FA-36B2-4288-822A-488DE50D5836}.Debug|Any CPU.Build.0 = Debug|Any CPU
		{00B2F7FA-36B2-4288-822A-488DE50D5836}.Release|Any CPU.ActiveCfg = Release|Any CPU
		{00B2F7FA-36B2-4288-822A-488DE50D5836}.Release|Any CPU.Build.0 = Release|Any CPU
	EndGlobalSection
	GlobalSection(SolutionProperties) = preSolution
		HideSolutionNode = FALSE
	EndGlobalSection
	GlobalSection(NestedProjects) = preSolution
		{AC3B5455-4BFD-4FEB-ADEC-D86301B680C0} = {0D9D5E83-17A7-4A9C-B3D3-94C7AA05726F}
		{00B2F7FA-36B2-4288-822A-488DE50D5836} = {AC3B5455-4BFD-4FEB-ADEC-D86301B680C0}
	EndGlobalSection
	GlobalSection(ExtensibilityGlobals) = postSolution
		SolutionGuid = {41522D0C-F1DB-49B3-8678-AFECA6053C0E}
	EndGlobalSection
EndGlobal
